
Microsoft Visual Studio Solution File, Format Version 12.00
# Visual Studio Version 17
VisualStudioVersion = 17.0.32126.317
MinimumVisualStudioVersion = 10.0.40219.1
Project("{9A19103F-16F7-4668-BE54-9A1E7A4F7556}") = "Event_DAL", "Event_DAL\Event_DAL.csproj", "{12146919-44E4-4199-808F-E3856619225E}"
EndProject
Project("{9A19103F-16F7-4668-BE54-9A1E7A4F7556}") = "Event_Web", "Event_Web\Event_Web.csproj", "{8844E17C-2107-4E77-8225-E905C0BCC666}"
EndProject
Project("{9A19103F-16F7-4668-BE54-9A1E7A4F7556}") = "Event_Web_API", "Event_Web_API\Event_Web_API.csproj", "{81934970-81EC-4A99-A988-09466BFA74E4}"
EndProject
Project("{FAE04EC0-301F-11D3-BF4B-00C04F79EFBC}") = "Event_BLL", "Event_BLL\Event_BLL.csproj", "{D840B412-72E6-4081-A5B3-FDA8672BBBF0}"
EndProject
Global
	GlobalSection(SolutionConfigurationPlatforms) = preSolution
		Debug|Any CPU = Debug|Any CPU
		Release|Any CPU = Release|Any CPU
	EndGlobalSection
	GlobalSection(ProjectConfigurationPlatforms) = postSolution
		{12146919-44E4-4199-808F-E3856619225E}.Debug|Any CPU.ActiveCfg = Debug|Any CPU
		{12146919-44E4-4199-808F-E3856619225E}.Debug|Any CPU.Build.0 = Debug|Any CPU
		{12146919-44E4-4199-808F-E3856619225E}.Release|Any CPU.ActiveCfg = Release|Any CPU
		{12146919-44E4-4199-808F-E3856619225E}.Release|Any CPU.Build.0 = Release|Any CPU
		{8844E17C-2107-4E77-8225-E905C0BCC666}.Debug|Any CPU.ActiveCfg = Debug|Any CPU
		{8844E17C-2107-4E77-8225-E905C0BCC666}.Debug|Any CPU.Build.0 = Debug|Any CPU
		{8844E17C-2107-4E77-8225-E905C0BCC666}.Release|Any CPU.ActiveCfg = Release|Any CPU
		{8844E17C-2107-4E77-8225-E905C0BCC666}.Release|Any CPU.Build.0 = Release|Any CPU
		{81934970-81EC-4A99-A988-09466BFA74E4}.Debug|Any CPU.ActiveCfg = Debug|Any CPU
		{81934970-81EC-4A99-A988-09466BFA74E4}.Debug|Any CPU.Build.0 = Debug|Any CPU
		{81934970-81EC-4A99-A988-09466BFA74E4}.Release|Any CPU.ActiveCfg = Release|Any CPU
		{81934970-81EC-4A99-A988-09466BFA74E4}.Release|Any CPU.Build.0 = Release|Any CPU
		{D840B412-72E6-4081-A5B3-FDA8672BBBF0}.Debug|Any CPU.ActiveCfg = Debug|Any CPU
		{D840B412-72E6-4081-A5B3-FDA8672BBBF0}.Debug|Any CPU.Build.0 = Debug|Any CPU
		{D840B412-72E6-4081-A5B3-FDA8672BBBF0}.Release|Any CPU.ActiveCfg = Release|Any CPU
		{D840B412-72E6-4081-A5B3-FDA8672BBBF0}.Release|Any CPU.Build.0 = Release|Any CPU
	EndGlobalSection
	GlobalSection(SolutionProperties) = preSolution
		HideSolutionNode = FALSE
	EndGlobalSection
	GlobalSection(ExtensibilityGlobals) = postSolution
		SolutionGuid = {4EE91BBE-7D83-424C-953A-68F61040DCCA}
	EndGlobalSection
EndGlobal
